
Microsoft Visual Studio Solution File, Format Version 12.00
# Visual Studio Version 17
VisualStudioVersion = 17.4.33110.190
MinimumVisualStudioVersion = 10.0.40219.1
Project("{FAE04EC0-301F-11D3-BF4B-00C04F79EFBC}") = "ConsoleApp", "ConsoleApp\ConsoleApp.csproj", "{D72E0E48-D9B9-4D2E-BADF-8EDD8D0ACD92}"
EndProject
Project("{FAE04EC0-301F-11D3-BF4B-00C04F79EFBC}") = "DAL", "DAL\DAL.csproj", "{9C62FAF2-820C-41F9-B953-FC5BF6013578}"
EndProject
Project("{FAE04EC0-301F-11D3-BF4B-00C04F79EFBC}") = "BLL", "BLL\BLL.csproj", "{520650D1-91EF-4B7D-AB45-ACFE1B56D0CD}"
EndProject
Project("{FAE04EC0-301F-11D3-BF4B-00C04F79EFBC}") = "PL", "PL\PL.csproj", "{DF7D8132-642C-479E-920D-420FAA05D1D2}"
EndProject
Global
	GlobalSection(SolutionConfigurationPlatforms) = preSolution
		Debug|Any CPU = Debug|Any CPU
		Release|Any CPU = Release|Any CPU
	EndGlobalSection
	GlobalSection(ProjectConfigurationPlatforms) = postSolution
		{D72E0E48-D9B9-4D2E-BADF-8EDD8D0ACD92}.Debug|Any CPU.ActiveCfg = Debug|Any CPU
		{D72E0E48-D9B9-4D2E-BADF-8EDD8D0ACD92}.Debug|Any CPU.Build.0 = Debug|Any CPU
		{D72E0E48-D9B9-4D2E-BADF-8EDD8D0ACD92}.Release|Any CPU.ActiveCfg = Release|Any CPU
		{D72E0E48-D9B9-4D2E-BADF-8EDD8D0ACD92}.Release|Any CPU.Build.0 = Release|Any CPU
		{9C62FAF2-820C-41F9-B953-FC5BF6013578}.Debug|Any CPU.ActiveCfg = Debug|Any CPU
		{9C62FAF2-820C-41F9-B953-FC5BF6013578}.Debug|Any CPU.Build.0 = Debug|Any CPU
		{9C62FAF2-820C-41F9-B953-FC5BF6013578}.Release|Any CPU.ActiveCfg = Release|Any CPU
		{9C62FAF2-820C-41F9-B953-FC5BF6013578}.Release|Any CPU.Build.0 = Release|Any CPU
		{520650D1-91EF-4B7D-AB45-ACFE1B56D0CD}.Debug|Any CPU.ActiveCfg = Debug|Any CPU
		{520650D1-91EF-4B7D-AB45-ACFE1B56D0CD}.Debug|Any CPU.Build.0 = Debug|Any CPU
		{520650D1-91EF-4B7D-AB45-ACFE1B56D0CD}.Release|Any CPU.ActiveCfg = Release|Any CPU
		{520650D1-91EF-4B7D-AB45-ACFE1B56D0CD}.Release|Any CPU.Build.0 = Release|Any CPU
		{DF7D8132-642C-479E-920D-420FAA05D1D2}.Debug|Any CPU.ActiveCfg = Debug|Any CPU
		{DF7D8132-642C-479E-920D-420FAA05D1D2}.Debug|Any CPU.Build.0 = Debug|Any CPU
		{DF7D8132-642C-479E-920D-420FAA05D1D2}.Release|Any CPU.ActiveCfg = Release|Any CPU
		{DF7D8132-642C-479E-920D-420FAA05D1D2}.Release|Any CPU.Build.0 = Release|Any CPU
	EndGlobalSection
	GlobalSection(SolutionProperties) = preSolution
		HideSolutionNode = FALSE
	EndGlobalSection
	GlobalSection(ExtensibilityGlobals) = postSolution
		SolutionGuid = {0E6A77CC-247F-46A8-AB35-921B8A286D29}
	EndGlobalSection
EndGlobal
